// !$*UTF8*$!
{
	archiveVersion = 1;
	classes = {
	};
	objectVersion = 50;
	objects = {

/* Begin PBXBuildFile section */
		D9823A58225B3F37008D35B5 /* AppDelegate.swift in Sources */ = {isa = PBXBuildFile; fileRef = D9823A57225B3F37008D35B5 /* AppDelegate.swift */; };
		D9823A5A225B3F37008D35B5 /* ViewController.swift in Sources */ = {isa = PBXBuildFile; fileRef = D9823A59225B3F37008D35B5 /* ViewController.swift */; };
		D9823A5D225B3F37008D35B5 /* Main.storyboard in Resources */ = {isa = PBXBuildFile; fileRef = D9823A5B225B3F37008D35B5 /* Main.storyboard */; };
		D9823A5F225B3F38008D35B5 /* Assets.xcassets in Resources */ = {isa = PBXBuildFile; fileRef = D9823A5E225B3F38008D35B5 /* Assets.xcassets */; };
		D9823A62225B3F38008D35B5 /* LaunchScreen.storyboard in Resources */ = {isa = PBXBuildFile; fileRef = D9823A60225B3F38008D35B5 /* LaunchScreen.storyboard */; };
/* End PBXBuildFile section */

/* Begin PBXFileReference section */
		D9823A54225B3F37008D35B5 /* Restful-MVVM.app */ = {isa = PBXFileReference; explicitFileType = wrapper.application; includeInIndex = 0; path = "Restful-MVVM.app"; sourceTree = BUILT_PRODUCTS_DIR; };
		D9823A57225B3F37008D35B5 /* AppDelegate.swift */ = {isa = PBXFileReference; lastKnownFileType = sourcecode.swift; path = AppDelegate.swift; sourceTree = "<group>"; };
		D9823A59225B3F37008D35B5 /* ViewController.swift */ = {isa = PBXFileReference; lastKnownFileType = sourcecode.swift; path = ViewController.swift; sourceTree = "<group>"; };
		D9823A5C225B3F37008D35B5 /* Base */ = {isa = PBXFileReference; lastKnownFileType = file.storyboard; name = Base; path = Base.lproj/Main.storyboard; sourceTree = "<group>"; };
		D9823A5E225B3F38008D35B5 /* Assets.xcassets */ = {isa = PBXFileReference; lastKnownFileType = folder.assetcatalog; path = Assets.xcassets; sourceTree = "<group>"; };
		D9823A61225B3F38008D35B5 /* Base */ = {isa = PBXFileReference; lastKnownFileType = file.storyboard; name = Base; path = Base.lproj/LaunchScreen.storyboard; sourceTree = "<group>"; };
		D9823A63225B3F38008D35B5 /* Info.plist */ = {isa = PBXFileReference; lastKnownFileType = text.plist.xml; path = Info.plist; sourceTree = "<group>"; };
/* End PBXFileReference section */

/* Begin PBXFrameworksBuildPhase section */
		D9823A51225B3F37008D35B5 /* Frameworks */ = {
			isa = PBXFrameworksBuildPhase;
			buildActionMask = 2147483647;
			files = (
			);
			runOnlyForDeploymentPostprocessing = 0;
		};
/* End PBXFrameworksBuildPhase section */

/* Begin PBXGroup section */
		D9823A4B225B3F37008D35B5 = {
			isa = PBXGroup;
			children = (
				D9823A56225B3F37008D35B5 /* Restful-MVVM */,
				D9823A55225B3F37008D35B5 /* Products */,
			);
			sourceTree = "<group>";
		};
		D9823A55225B3F37008D35B5 /* Products */ = {
			isa = PBXGroup;
			children = (
				D9823A54225B3F37008D35B5 /* Restful-MVVM.app */,
			);
			name = Products;
			sourceTree = "<group>";
		};
		D9823A56225B3F37008D35B5 /* Restful-MVVM */ = {
			isa = PBXGroup;
			children = (
				D9823A6D225B3F82008D35B5 /* Helpers */,
				D9823A6C225B3F80008D35B5 /* Support */,
				D9823A6B225B3F7E008D35B5 /* Model */,
				D9823A6A225B3F74008D35B5 /* View */,
				D9823A69225B3F72008D35B5 /* ViewModel */,
				D9823A57225B3F37008D35B5 /* AppDelegate.swift */,
			);
			path = "Restful-MVVM";
			sourceTree = "<group>";
		};
		D9823A69225B3F72008D35B5 /* ViewModel */ = {
			isa = PBXGroup;
			children = (
			);
			path = ViewModel;
			sourceTree = "<group>";
		};
		D9823A6A225B3F74008D35B5 /* View */ = {
			isa = PBXGroup;
			children = (
				D9823A59225B3F37008D35B5 /* ViewController.swift */,
				D9823A5B225B3F37008D35B5 /* Main.storyboard */,
			);
			path = View;
			sourceTree = "<group>";
		};
		D9823A6B225B3F7E008D35B5 /* Model */ = {
			isa = PBXGroup;
			children = (
			);
			path = Model;
			sourceTree = "<group>";
		};
		D9823A6C225B3F80008D35B5 /* Support */ = {
			isa = PBXGroup;
			children = (
				D9823A63225B3F38008D35B5 /* Info.plist */,
				D9823A5E225B3F38008D35B5 /* Assets.xcassets */,
				D9823A60225B3F38008D35B5 /* LaunchScreen.storyboard */,
			);
			path = Support;
			sourceTree = "<group>";
		};
		D9823A6D225B3F82008D35B5 /* Helpers */ = {
			isa = PBXGroup;
			children = (
			);
			path = Helpers;
			sourceTree = "<group>";
		};
/* End PBXGroup section */

/* Begin PBXNativeTarget section */
		D9823A53225B3F37008D35B5 /* Restful-MVVM */ = {
			isa = PBXNativeTarget;
			buildConfigurationList = D9823A66225B3F38008D35B5 /* Build configuration list for PBXNativeTarget "Restful-MVVM" */;
			buildPhases = (
				D9823A50225B3F37008D35B5 /* Sources */,
				D9823A51225B3F37008D35B5 /* Frameworks */,
				D9823A52225B3F37008D35B5 /* Resources */,
			);
			buildRules = (
			);
			dependencies = (
			);
			name = "Restful-MVVM";
			productName = "Restful-MVVM";
			productReference = D9823A54225B3F37008D35B5 /* Restful-MVVM.app */;
			productType = "com.apple.product-type.application";
		};
/* End PBXNativeTarget section */

/* Begin PBXProject section */
		D9823A4C225B3F37008D35B5 /* Project object */ = {
			isa = PBXProject;
			attributes = {
				LastSwiftUpdateCheck = 1010;
				LastUpgradeCheck = 1010;
				ORGANIZATIONNAME = "Mustafa GUNES";
				TargetAttributes = {
					D9823A53225B3F37008D35B5 = {
						CreatedOnToolsVersion = 10.1;
					};
				};
			};
			buildConfigurationList = D9823A4F225B3F37008D35B5 /* Build configuration list for PBXProject "Restful-MVVM" */;
			compatibilityVersion = "Xcode 9.3";
			developmentRegion = en;
			hasScannedForEncodings = 0;
			knownRegions = (
				en,
				Base,
			);
			mainGroup = D9823A4B225B3F37008D35B5;
			productRefGroup = D9823A55225B3F37008D35B5 /* Products */;
			projectDirPath = "";
			projectRoot = "";
			targets = (
				D9823A53225B3F37008D35B5 /* Restful-MVVM */,
			);
		};
/* End PBXProject section */

/* Begin PBXResourcesBuildPhase section */
		D9823A52225B3F37008D35B5 /* Resources */ = {
			isa = PBXResourcesBuildPhase;
			buildActionMask = 2147483647;
			files = (
				D9823A62225B3F38008D35B5 /* LaunchScreen.storyboard in Resources */,
				D9823A5F225B3F38008D35B5 /* Assets.xcassets in Resources */,
				D9823A5D225B3F37008D35B5 /* Main.storyboard in Resources */,
			);
			runOnlyForDeploymentPostprocessing = 0;
		};
/* End PBXResourcesBuildPhase section */

/* Begin PBXSourcesBuildPhase section */
		D9823A50225B3F37008D35B5 /* Sources */ = {
			isa = PBXSourcesBuildPhase;
			buildActionMask = 2147483647;
			files = (
				D9823A5A225B3F37008D35B5 /* ViewController.swift in Sources */,
				D9823A58225B3F37008D35B5 /* AppDelegate.swift in Sources */,
			);
			runOnlyForDeploymentPostprocessing = 0;
		};
/* End PBXSourcesBuildPhase section */

/* Begin PBXVariantGroup section */
		D9823A5B225B3F37008D35B5 /* Main.storyboard */ = {
			isa = PBXVariantGroup;
			children = (
				D9823A5C225B3F37008D35B5 /* Base */,
			);
			name = Main.storyboard;
			sourceTree = "<group>";
		};
		D9823A60225B3F38008D35B5 /* LaunchScreen.storyboard */ = {
			isa = PBXVariantGroup;
			children = (
				D9823A61225B3F38008D35B5 /* Base */,
			);
			name = LaunchScreen.storyboard;
			sourceTree = "<group>";
		};
/* End PBXVariantGroup section */

/* Begin XCBuildConfiguration section */
		D9823A64225B3F38008D35B5 /* Debug */ = {
			isa = XCBuildConfiguration;
			buildSettings = {
				ALWAYS_SEARCH_USER_PATHS = NO;
				CLANG_ANALYZER_NONNULL = YES;
				CLANG_ANALYZER_NUMBER_OBJECT_CONVERSION = YES_AGGRESSIVE;
				CLANG_CXX_LANGUAGE_STANDARD = "gnu++14";
				CLANG_CXX_LIBRARY = "libc++";
				CLANG_ENABLE_MODULES = YES;
				CLANG_ENABLE_OBJC_ARC = YES;
				CLANG_ENABLE_OBJC_WEAK = YES;
				CLANG_WARN_BLOCK_CAPTURE_AUTORELEASING = YES;
				CLANG_WARN_BOOL_CONVERSION = YES;
				CLANG_WARN_COMMA = YES;
				CLANG_WARN_CONSTANT_CONVERSION = YES;
				CLANG_WARN_DEPRECATED_OBJC_IMPLEMENTATIONS = YES;
				CLANG_WARN_DIRECT_OBJC_ISA_USAGE = YES_ERROR;
				CLANG_WARN_DOCUMENTATION_COMMENTS = YES;
				CLANG_WARN_EMPTY_BODY = YES;
				CLANG_WARN_ENUM_CONVERSION = YES;
				CLANG_WARN_INFINITE_RECURSION = YES;
				CLANG_WARN_INT_CONVERSION = YES;
				CLANG_WARN_NON_LITERAL_NULL_CONVERSION = YES;
				CLANG_WARN_OBJC_IMPLICIT_RETAIN_SELF = YES;
				CLANG_WARN_OBJC_LITERAL_CONVERSION = YES;
				CLANG_WARN_OBJC_ROOT_CLASS = YES_ERROR;
				CLANG_WARN_RANGE_LOOP_ANALYSIS = YES;
				CLANG_WARN_STRICT_PROTOTYPES = YES;
				CLANG_WARN_SUSPICIOUS_MOVE = YES;
				CLANG_WARN_UNGUARDED_AVAILABILITY = YES_AGGRESSIVE;
				CLANG_WARN_UNREACHABLE_CODE = YES;
				CLANG_WARN__DUPLICATE_METHOD_MATCH = YES;
				CODE_SIGN_IDENTITY = "iPhone Developer";
				COPY_PHASE_STRIP = NO;
				DEBUG_INFORMATION_FORMAT = dwarf;
				ENABLE_STRICT_OBJC_MSGSEND = YES;
				ENABLE_TESTABILITY = YES;
				GCC_C_LANGUAGE_STANDARD = gnu11;
				GCC_DYNAMIC_NO_PIC = NO;
				GCC_NO_COMMON_BLOCKS = YES;
				GCC_OPTIMIZATION_LEVEL = 0;
				GCC_PREPROCESSOR_DEFINITIONS = (
					"DEBUG=1",
					"$(inherited)",
				);
				GCC_WARN_64_TO_32_BIT_CONVERSION = YES;
				GCC_WARN_ABOUT_RETURN_TYPE = YES_ERROR;
				GCC_WARN_UNDECLARED_SELECTOR = YES;
				GCC_WARN_UNINITIALIZED_AUTOS = YES_AGGRESSIVE;
				GCC_WARN_UNUSED_FUNCTION = YES;
				GCC_WARN_UNUSED_VARIABLE = YES;
				IPHONEOS_DEPLOYMENT_TARGET = 12.1;
				MTL_ENABLE_DEBUG_INFO = INCLUDE_SOURCE;
				MTL_FAST_MATH = YES;
				ONLY_ACTIVE_ARCH = YES;
				SDKROOT = iphoneos;
				SWIFT_ACTIVE_COMPILATION_CONDITIONS = DEBUG;
				SWIFT_OPTIMIZATION_LEVEL = "-Onone";
			};
			name = Debug;
		};
		D9823A65225B3F38008D35B5 /* Release */ = {
			isa = XCBuildConfiguration;
			buildSettings = {
				ALWAYS_SEARCH_USER_PATHS = NO;
				CLANG_ANALYZER_NONNULL = YES;
				CLANG_ANALYZER_NUMBER_OBJECT_CONVERSION = YES_AGGRESSIVE;
				CLANG_CXX_LANGUAGE_STANDARD = "gnu++14";
				CLANG_CXX_LIBRARY = "libc++";
				CLANG_ENABLE_MODULES = YES;
				CLANG_ENABLE_OBJC_ARC = YES;
				CLANG_ENABLE_OBJC_WEAK = YES;
				CLANG_WARN_BLOCK_CAPTURE_AUTORELEASING = YES;
				CLANG_WARN_BOOL_CONVERSION = YES;
				CLANG_WARN_COMMA = YES;
				CLANG_WARN_CONSTANT_CONVERSION = YES;
				CLANG_WARN_DEPRECATED_OBJC_IMPLEMENTATIONS = YES;
				CLANG_WARN_DIRECT_OBJC_ISA_USAGE = YES_ERROR;
				CLANG_WARN_DOCUMENTATION_COMMENTS = YES;
				CLANG_WARN_EMPTY_BODY = YES;
				CLANG_WARN_ENUM_CONVERSION = YES;
				CLANG_WARN_INFINITE_RECURSION = YES;
				CLANG_WARN_INT_CONVERSION = YES;
				CLANG_WARN_NON_LITERAL_NULL_CONVERSION = YES;
				CLANG_WARN_OBJC_IMPLICIT_RETAIN_SELF = YES;
				CLANG_WARN_OBJC_LITERAL_CONVERSION = YES;
				CLANG_WARN_OBJC_ROOT_CLASS = YES_ERROR;
				CLANG_WARN_RANGE_LOOP_ANALYSIS = YES;
				CLANG_WARN_STRICT_PROTOTYPES = YES;
				CLANG_WARN_SUSPICIOUS_MOVE = YES;
				CLANG_WARN_UNGUARDED_AVAILABILITY = YES_AGGRESSIVE;
				CLANG_WARN_UNREACHABLE_CODE = YES;
				CLANG_WARN__DUPLICATE_METHOD_MATCH = YES;
				CODE_SIGN_IDENTITY = "iPhone Developer";
				COPY_PHASE_STRIP = NO;
				DEBUG_INFORMATION_FORMAT = "dwarf-with-dsym";
				ENABLE_NS_ASSERTIONS = NO;
				ENABLE_STRICT_OBJC_MSGSEND = YES;
				GCC_C_LANGUAGE_STANDARD = gnu11;
				GCC_NO_COMMON_BLOCKS = YES;
				GCC_WARN_64_TO_32_BIT_CONVERSION = YES;
				GCC_WARN_ABOUT_RETURN_TYPE = YES_ERROR;
				GCC_WARN_UNDECLARED_SELECTOR = YES;
				GCC_WARN_UNINITIALIZED_AUTOS = YES_AGGRESSIVE;
				GCC_WARN_UNUSED_FUNCTION = YES;
				GCC_WARN_UNUSED_VARIABLE = YES;
				IPHONEOS_DEPLOYMENT_TARGET = 12.1;
				MTL_ENABLE_DEBUG_INFO = NO;
				MTL_FAST_MATH = YES;
				SDKROOT = iphoneos;
				SWIFT_COMPILATION_MODE = wholemodule;
				SWIFT_OPTIMIZATION_LEVEL = "-O";
				VALIDATE_PRODUCT = YES;
			};
			name = Release;
		};
		D9823A67225B3F38008D35B5 /* Debug */ = {
			isa = XCBuildConfiguration;
			buildSettings = {
				ASSETCATALOG_COMPILER_APPICON_NAME = AppIcon;
				CODE_SIGN_STYLE = Automatic;
				DEVELOPMENT_TEAM = 8DVHX5WRRH;
				INFOPLIST_FILE = "Restful-MVVM/Support/Info.plist";
				IPHONEOS_DEPLOYMENT_TARGET = 11.0;
				LD_RUNPATH_SEARCH_PATHS = (
					"$(inherited)",
					"@executable_path/Frameworks",
				);
				PRODUCT_BUNDLE_IDENTIFIER = "com.muguapps.Restful-MVVM";
				PRODUCT_NAME = "$(TARGET_NAME)";
				SWIFT_VERSION = 4.2;
				TARGETED_DEVICE_FAMILY = "1,2";
			};
			name = Debug;
		};
		D9823A68225B3F38008D35B5 /* Release */ = {
			isa = XCBuildConfiguration;
			buildSettings = {
				ASSETCATALOG_COMPILER_APPICON_NAME = AppIcon;
				CODE_SIGN_STYLE = Automatic;
				DEVELOPMENT_TEAM = 8DVHX5WRRH;
				INFOPLIST_FILE = "Restful-MVVM/Support/Info.plist";
				IPHONEOS_DEPLOYMENT_TARGET = 11.0;
				LD_RUNPATH_SEARCH_PATHS = (
					"$(inherited)",
					"@executable_path/Frameworks",
				);
				PRODUCT_BUNDLE_IDENTIFIER = "com.muguapps.Restful-MVVM";
				PRODUCT_NAME = "$(TARGET_NAME)";
				SWIFT_VERSION = 4.2;
				TARGETED_DEVICE_FAMILY = "1,2";
			};
			name = Release;
		};
/* End XCBuildConfiguration section */

/* Begin XCConfigurationList section */
		D9823A4F225B3F37008D35B5 /* Build configuration list for PBXProject "Restful-MVVM" */ = {
			isa = XCConfigurationList;
			buildConfigurations = (
				D9823A64225B3F38008D35B5 /* Debug */,
				D9823A65225B3F38008D35B5 /* Release */,
			);
			defaultConfigurationIsVisible = 0;
			defaultConfigurationName = Release;
		};
		D9823A66225B3F38008D35B5 /* Build configuration list for PBXNativeTarget "Restful-MVVM" */ = {
			isa = XCConfigurationList;
			buildConfigurations = (
				D9823A67225B3F38008D35B5 /* Debug */,
				D9823A68225B3F38008D35B5 /* Release */,
			);
			defaultConfigurationIsVisible = 0;
			defaultConfigurationName = Release;
		};
/* End XCConfigurationList section */
	};
	rootObject = D9823A4C225B3F37008D35B5 /* Project object */;
}
